
Microsoft Visual Studio Solution File, Format Version 12.00
# Visual Studio Version 16
VisualStudioVersion = 16.0.29102.190
MinimumVisualStudioVersion = 10.0.40219.1
Project("{FAE04EC0-301F-11D3-BF4B-00C04F79EFBC}") = "Superhero Project", "Superhero Project.csproj", "{2C820114-CD6D-4DA3-9B70-FBAB9F6E6FC9}"
EndProject
Global
	GlobalSection(SolutionConfigurationPlatforms) = preSolution
		Debug|Any CPU = Debug|Any CPU
		Release|Any CPU = Release|Any CPU
	EndGlobalSection
	GlobalSection(ProjectConfigurationPlatforms) = postSolution
		{2C820114-CD6D-4DA3-9B70-FBAB9F6E6FC9}.Debug|Any CPU.ActiveCfg = Debug|Any CPU
		{2C820114-CD6D-4DA3-9B70-FBAB9F6E6FC9}.Debug|Any CPU.Build.0 = Debug|Any CPU
		{2C820114-CD6D-4DA3-9B70-FBAB9F6E6FC9}.Release|Any CPU.ActiveCfg = Release|Any CPU
		{2C820114-CD6D-4DA3-9B70-FBAB9F6E6FC9}.Release|Any CPU.Build.0 = Release|Any CPU
	EndGlobalSection
	GlobalSection(SolutionProperties) = preSolution
		HideSolutionNode = FALSE
	EndGlobalSection
	GlobalSection(ExtensibilityGlobals) = postSolution
		SolutionGuid = {210D3714-FDA1-4437-A892-BA9A922E35F1}
	EndGlobalSection
EndGlobal
